
Microsoft Visual Studio Solution File, Format Version 12.00
# Visual Studio 14
VisualStudioVersion = 14.0.25420.1
MinimumVisualStudioVersion = 10.0.40219.1
Project("{8BC9CEB8-8B4A-11D0-8D11-00A0C91BC942}") = "cheatdll", "cheatdll\cheatdll.vcxproj", "{C02AB7BB-4125-4DB8-954A-CA6079C8815D}"
EndProject
Project("{8BC9CEB8-8B4A-11D0-8D11-00A0C91BC942}") = "ogg-winmm-2", "..\ogg-winmm-2\ogg-winmm-2.vcxproj", "{468DEC74-892A-47F5-AB8F-6FA316E4FA3C}"
EndProject
Global
	GlobalSection(SolutionConfigurationPlatforms) = preSolution
		Debug_cc|Win32 = Debug_cc|Win32
		Debug_cc|x64 = Debug_cc|x64
		Debug|Win32 = Debug|Win32
		Debug|x64 = Debug|x64
		Release_cc_compatible|Win32 = Release_cc_compatible|Win32
		Release_cc_compatible|x64 = Release_cc_compatible|x64
		Release_cc|Win32 = Release_cc|Win32
		Release_cc|x64 = Release_cc|x64
		Release_Voobly|Win32 = Release_Voobly|Win32
		Release_Voobly|x64 = Release_Voobly|x64
		Release|Win32 = Release|Win32
		Release|x64 = Release|x64
	EndGlobalSection
	GlobalSection(ProjectConfigurationPlatforms) = postSolution
		{C02AB7BB-4125-4DB8-954A-CA6079C8815D}.Debug_cc|Win32.ActiveCfg = Debug_cc|Win32
		{C02AB7BB-4125-4DB8-954A-CA6079C8815D}.Debug_cc|Win32.Build.0 = Debug_cc|Win32
		{C02AB7BB-4125-4DB8-954A-CA6079C8815D}.Debug_cc|x64.ActiveCfg = Debug_cc|Win32
		{C02AB7BB-4125-4DB8-954A-CA6079C8815D}.Debug|Win32.ActiveCfg = Debug|Win32
		{C02AB7BB-4125-4DB8-954A-CA6079C8815D}.Debug|Win32.Build.0 = Debug|Win32
		{C02AB7BB-4125-4DB8-954A-CA6079C8815D}.Debug|x64.ActiveCfg = Debug|Win32
		{C02AB7BB-4125-4DB8-954A-CA6079C8815D}.Release_cc_compatible|Win32.ActiveCfg = Release_cc_compatible|Win32
		{C02AB7BB-4125-4DB8-954A-CA6079C8815D}.Release_cc_compatible|Win32.Build.0 = Release_cc_compatible|Win32
		{C02AB7BB-4125-4DB8-954A-CA6079C8815D}.Release_cc_compatible|x64.ActiveCfg = Release_cc_compatible|Win32
		{C02AB7BB-4125-4DB8-954A-CA6079C8815D}.Release_cc|Win32.ActiveCfg = Release_cc|Win32
		{C02AB7BB-4125-4DB8-954A-CA6079C8815D}.Release_cc|Win32.Build.0 = Release_cc|Win32
		{C02AB7BB-4125-4DB8-954A-CA6079C8815D}.Release_cc|x64.ActiveCfg = Release_cc|Win32
		{C02AB7BB-4125-4DB8-954A-CA6079C8815D}.Release_Voobly|Win32.ActiveCfg = Release_Voobly|Win32
		{C02AB7BB-4125-4DB8-954A-CA6079C8815D}.Release_Voobly|Win32.Build.0 = Release_Voobly|Win32
		{C02AB7BB-4125-4DB8-954A-CA6079C8815D}.Release_Voobly|x64.ActiveCfg = Release_Voobly|Win32
		{C02AB7BB-4125-4DB8-954A-CA6079C8815D}.Release|Win32.ActiveCfg = Release|Win32
		{C02AB7BB-4125-4DB8-954A-CA6079C8815D}.Release|Win32.Build.0 = Release|Win32
		{C02AB7BB-4125-4DB8-954A-CA6079C8815D}.Release|x64.ActiveCfg = Release|Win32
		{468DEC74-892A-47F5-AB8F-6FA316E4FA3C}.Debug_cc|Win32.ActiveCfg = Debug|Win32
		{468DEC74-892A-47F5-AB8F-6FA316E4FA3C}.Debug_cc|Win32.Build.0 = Debug|Win32
		{468DEC74-892A-47F5-AB8F-6FA316E4FA3C}.Debug_cc|x64.ActiveCfg = Debug|x64
		{468DEC74-892A-47F5-AB8F-6FA316E4FA3C}.Debug_cc|x64.Build.0 = Debug|x64
		{468DEC74-892A-47F5-AB8F-6FA316E4FA3C}.Debug|Win32.ActiveCfg = Debug|Win32
		{468DEC74-892A-47F5-AB8F-6FA316E4FA3C}.Debug|Win32.Build.0 = Debug|Win32
		{468DEC74-892A-47F5-AB8F-6FA316E4FA3C}.Debug|x64.ActiveCfg = Debug|x64
		{468DEC74-892A-47F5-AB8F-6FA316E4FA3C}.Debug|x64.Build.0 = Debug|x64
		{468DEC74-892A-47F5-AB8F-6FA316E4FA3C}.Release_cc_compatible|Win32.ActiveCfg = Release|Win32
		{468DEC74-892A-47F5-AB8F-6FA316E4FA3C}.Release_cc_compatible|Win32.Build.0 = Release|Win32
		{468DEC74-892A-47F5-AB8F-6FA316E4FA3C}.Release_cc_compatible|x64.ActiveCfg = Release|x64
		{468DEC74-892A-47F5-AB8F-6FA316E4FA3C}.Release_cc_compatible|x64.Build.0 = Release|x64
		{468DEC74-892A-47F5-AB8F-6FA316E4FA3C}.Release_cc|Win32.ActiveCfg = Release|Win32
		{468DEC74-892A-47F5-AB8F-6FA316E4FA3C}.Release_cc|Win32.Build.0 = Release|Win32
		{468DEC74-892A-47F5-AB8F-6FA316E4FA3C}.Release_cc|x64.ActiveCfg = Release|x64
		{468DEC74-892A-47F5-AB8F-6FA316E4FA3C}.Release_cc|x64.Build.0 = Release|x64
		{468DEC74-892A-47F5-AB8F-6FA316E4FA3C}.Release_Voobly|Win32.ActiveCfg = Release|Win32
		{468DEC74-892A-47F5-AB8F-6FA316E4FA3C}.Release_Voobly|x64.ActiveCfg = Release|x64
		{468DEC74-892A-47F5-AB8F-6FA316E4FA3C}.Release|Win32.ActiveCfg = Release|Win32
		{468DEC74-892A-47F5-AB8F-6FA316E4FA3C}.Release|Win32.Build.0 = Release|Win32
		{468DEC74-892A-47F5-AB8F-6FA316E4FA3C}.Release|x64.ActiveCfg = Release|x64
		{468DEC74-892A-47F5-AB8F-6FA316E4FA3C}.Release|x64.Build.0 = Release|x64
	EndGlobalSection
	GlobalSection(SolutionProperties) = preSolution
		HideSolutionNode = FALSE
	EndGlobalSection
EndGlobal
