
Microsoft Visual Studio Solution File, Format Version 11.00
# Visual Studio 2010
Project("{8BC9CEB8-8B4A-11D0-8D11-00A0C91BC942}") = "cheatdll", "cheatdll\cheatdll.vcxproj", "{C02AB7BB-4125-4DB8-954A-CA6079C8815D}"
EndProject
Global
	GlobalSection(SolutionConfigurationPlatforms) = preSolution
		Debug|Win32 = Debug|Win32
		Release_cc|Win32 = Release_cc|Win32
		Release|Win32 = Release|Win32
	EndGlobalSection
	GlobalSection(ProjectConfigurationPlatforms) = postSolution
		{C02AB7BB-4125-4DB8-954A-CA6079C8815D}.Debug|Win32.ActiveCfg = Debug|Win32
		{C02AB7BB-4125-4DB8-954A-CA6079C8815D}.Debug|Win32.Build.0 = Debug|Win32
		{C02AB7BB-4125-4DB8-954A-CA6079C8815D}.Release_cc|Win32.ActiveCfg = Release_cc|Win32
		{C02AB7BB-4125-4DB8-954A-CA6079C8815D}.Release_cc|Win32.Build.0 = Release_cc|Win32
		{C02AB7BB-4125-4DB8-954A-CA6079C8815D}.Release|Win32.ActiveCfg = Release|Win32
		{C02AB7BB-4125-4DB8-954A-CA6079C8815D}.Release|Win32.Build.0 = Release|Win32
	EndGlobalSection
	GlobalSection(SolutionProperties) = preSolution
		HideSolutionNode = FALSE
	EndGlobalSection
EndGlobal
